{
  "version": 4,
  "terraform_version": "1.9.3",
  "serial": 53,
  "lineage": "6449b695-9870-e789-19b2-a760ab62abbc",
  "outputs": {},
  "resources": [
    {
      "mode": "managed",
      "type": "kubernetes_deployment",
      "name": "ollama",
      "provider": "provider[\"registry.terraform.io/hashicorp/kubernetes\"]",
      "instances": [
        {
          "schema_version": 1,
          "attributes": {
            "id": "default/ollama",
            "metadata": [
              {
                "annotations": {},
                "generate_name": "",
                "generation": 1,
                "labels": {},
                "name": "ollama",
                "namespace": "default",
                "resource_version": "7326",
                "uid": "5314bd41-c603-4016-890d-84b99140d52d"
              }
            ],
            "spec": [
              {
                "min_ready_seconds": 0,
                "paused": false,
                "progress_deadline_seconds": 600,
                "replicas": "1",
                "revision_history_limit": 10,
                "selector": [
                  {
                    "match_expressions": [],
                    "match_labels": {
                      "app": "ollama"
                    }
                  }
                ],
                "strategy": [
                  {
                    "rolling_update": [
                      {
                        "max_surge": "25%",
                        "max_unavailable": "25%"
                      }
                    ],
                    "type": "RollingUpdate"
                  }
                ],
                "template": [
                  {
                    "metadata": [
                      {
                        "annotations": {},
                        "generate_name": "",
                        "generation": 0,
                        "labels": {
                          "app": "ollama"
                        },
                        "name": "",
                        "namespace": "",
                        "resource_version": "",
                        "uid": ""
                      }
                    ],
                    "spec": [
                      {
                        "active_deadline_seconds": 0,
                        "affinity": [],
                        "automount_service_account_token": true,
                        "container": [
                          {
                            "args": [],
                            "command": [],
                            "env": [],
                            "env_from": [],
                            "image": "ollama/ollama",
                            "image_pull_policy": "Always",
                            "lifecycle": [],
                            "liveness_probe": [],
                            "name": "ollama",
                            "port": [
                              {
                                "container_port": 11434,
                                "host_ip": "",
                                "host_port": 0,
                                "name": "",
                                "protocol": "TCP"
                              }
                            ],
                            "readiness_probe": [],
                            "resources": [
                              {
                                "limits": {},
                                "requests": {}
                              }
                            ],
                            "security_context": [],
                            "startup_probe": [],
                            "stdin": false,
                            "stdin_once": false,
                            "termination_message_path": "/dev/termination-log",
                            "termination_message_policy": "File",
                            "tty": false,
                            "volume_device": [],
                            "volume_mount": [
                              {
                                "mount_path": "/root/.ollama",
                                "mount_propagation": "None",
                                "name": "ollama-storage",
                                "read_only": false,
                                "sub_path": ""
                              }
                            ],
                            "working_dir": ""
                          }
                        ],
                        "dns_config": [],
                        "dns_policy": "ClusterFirst",
                        "enable_service_links": true,
                        "host_aliases": [],
                        "host_ipc": false,
                        "host_network": false,
                        "host_pid": false,
                        "hostname": "",
                        "image_pull_secrets": [],
                        "init_container": [],
                        "node_name": "",
                        "node_selector": {},
                        "os": [],
                        "priority_class_name": "",
                        "readiness_gate": [],
                        "restart_policy": "Always",
                        "runtime_class_name": "",
                        "scheduler_name": "default-scheduler",
                        "security_context": [],
                        "service_account_name": "",
                        "share_process_namespace": false,
                        "subdomain": "",
                        "termination_grace_period_seconds": 30,
                        "toleration": [],
                        "topology_spread_constraint": [],
                        "volume": [
                          {
                            "aws_elastic_block_store": [],
                            "azure_disk": [],
                            "azure_file": [],
                            "ceph_fs": [],
                            "cinder": [],
                            "config_map": [],
                            "csi": [],
                            "downward_api": [],
                            "empty_dir": [],
                            "ephemeral": [],
                            "fc": [],
                            "flex_volume": [],
                            "flocker": [],
                            "gce_persistent_disk": [],
                            "git_repo": [],
                            "glusterfs": [],
                            "host_path": [],
                            "iscsi": [],
                            "local": [],
                            "name": "ollama-storage",
                            "nfs": [],
                            "persistent_volume_claim": [
                              {
                                "claim_name": "ollama-pvc",
                                "read_only": false
                              }
                            ],
                            "photon_persistent_disk": [],
                            "projected": [],
                            "quobyte": [],
                            "rbd": [],
                            "secret": [],
                            "vsphere_volume": []
                          }
                        ]
                      }
                    ]
                  }
                ]
              }
            ],
            "timeouts": null,
            "wait_for_rollout": true
          },
          "sensitive_attributes": [],
          "private": "eyJlMmJmYjczMC1lY2FhLTExZTYtOGY4OC0zNDM2M2JjN2M0YzAiOnsiY3JlYXRlIjo2MDAwMDAwMDAwMDAsImRlbGV0ZSI6NjAwMDAwMDAwMDAwLCJ1cGRhdGUiOjYwMDAwMDAwMDAwMH0sInNjaGVtYV92ZXJzaW9uIjoiMSJ9",
          "dependencies": [
            "kubernetes_persistent_volume_claim.ollama_pvc"
          ]
        }
      ]
    },
    {
      "mode": "managed",
      "type": "kubernetes_deployment",
      "name": "openwebui",
      "provider": "provider[\"registry.terraform.io/hashicorp/kubernetes\"]",
      "instances": [
        {
          "schema_version": 1,
          "attributes": {
            "id": "default/openwebui",
            "metadata": [
              {
                "annotations": {},
                "generate_name": "",
                "generation": 1,
                "labels": {},
                "name": "openwebui",
                "namespace": "default",
                "resource_version": "7579",
                "uid": "0f5c140c-6351-4a81-8c1b-7dd05c230742"
              }
            ],
            "spec": [
              {
                "min_ready_seconds": 0,
                "paused": false,
                "progress_deadline_seconds": 600,
                "replicas": "1",
                "revision_history_limit": 10,
                "selector": [
                  {
                    "match_expressions": [],
                    "match_labels": {
                      "app": "openwebui"
                    }
                  }
                ],
                "strategy": [
                  {
                    "rolling_update": [
                      {
                        "max_surge": "25%",
                        "max_unavailable": "25%"
                      }
                    ],
                    "type": "RollingUpdate"
                  }
                ],
                "template": [
                  {
                    "metadata": [
                      {
                        "annotations": {},
                        "generate_name": "",
                        "generation": 0,
                        "labels": {
                          "app": "openwebui"
                        },
                        "name": "",
                        "namespace": "",
                        "resource_version": "",
                        "uid": ""
                      }
                    ],
                    "spec": [
                      {
                        "active_deadline_seconds": 0,
                        "affinity": [],
                        "automount_service_account_token": true,
                        "container": [
                          {
                            "args": [],
                            "command": [],
                            "env": [
                              {
                                "name": "OLLAMA_BASE_URL",
                                "value": "http://ollama:11434",
                                "value_from": []
                              }
                            ],
                            "env_from": [],
                            "image": "ghcr.io/open-webui/open-webui",
                            "image_pull_policy": "Always",
                            "lifecycle": [],
                            "liveness_probe": [],
                            "name": "openwebui",
                            "port": [
                              {
                                "container_port": 8080,
                                "host_ip": "",
                                "host_port": 0,
                                "name": "",
                                "protocol": "TCP"
                              }
                            ],
                            "readiness_probe": [],
                            "resources": [
                              {
                                "limits": {},
                                "requests": {}
                              }
                            ],
                            "security_context": [],
                            "startup_probe": [],
                            "stdin": false,
                            "stdin_once": false,
                            "termination_message_path": "/dev/termination-log",
                            "termination_message_policy": "File",
                            "tty": false,
                            "volume_device": [],
                            "volume_mount": [
                              {
                                "mount_path": "/app/data",
                                "mount_propagation": "None",
                                "name": "webui-storage",
                                "read_only": false,
                                "sub_path": ""
                              }
                            ],
                            "working_dir": ""
                          }
                        ],
                        "dns_config": [],
                        "dns_policy": "ClusterFirst",
                        "enable_service_links": true,
                        "host_aliases": [],
                        "host_ipc": false,
                        "host_network": false,
                        "host_pid": false,
                        "hostname": "",
                        "image_pull_secrets": [],
                        "init_container": [],
                        "node_name": "",
                        "node_selector": {},
                        "os": [],
                        "priority_class_name": "",
                        "readiness_gate": [],
                        "restart_policy": "Always",
                        "runtime_class_name": "",
                        "scheduler_name": "default-scheduler",
                        "security_context": [],
                        "service_account_name": "",
                        "share_process_namespace": false,
                        "subdomain": "",
                        "termination_grace_period_seconds": 30,
                        "toleration": [],
                        "topology_spread_constraint": [],
                        "volume": [
                          {
                            "aws_elastic_block_store": [],
                            "azure_disk": [],
                            "azure_file": [],
                            "ceph_fs": [],
                            "cinder": [],
                            "config_map": [],
                            "csi": [],
                            "downward_api": [],
                            "empty_dir": [],
                            "ephemeral": [],
                            "fc": [],
                            "flex_volume": [],
                            "flocker": [],
                            "gce_persistent_disk": [],
                            "git_repo": [],
                            "glusterfs": [],
                            "host_path": [],
                            "iscsi": [],
                            "local": [],
                            "name": "webui-storage",
                            "nfs": [],
                            "persistent_volume_claim": [
                              {
                                "claim_name": "webui-pvc",
                                "read_only": false
                              }
                            ],
                            "photon_persistent_disk": [],
                            "projected": [],
                            "quobyte": [],
                            "rbd": [],
                            "secret": [],
                            "vsphere_volume": []
                          }
                        ]
                      }
                    ]
                  }
                ]
              }
            ],
            "timeouts": null,
            "wait_for_rollout": true
          },
          "sensitive_attributes": [],
          "private": "eyJlMmJmYjczMC1lY2FhLTExZTYtOGY4OC0zNDM2M2JjN2M0YzAiOnsiY3JlYXRlIjo2MDAwMDAwMDAwMDAsImRlbGV0ZSI6NjAwMDAwMDAwMDAwLCJ1cGRhdGUiOjYwMDAwMDAwMDAwMH0sInNjaGVtYV92ZXJzaW9uIjoiMSJ9",
          "dependencies": [
            "kubernetes_persistent_volume_claim.webui_pvc"
          ]
        }
      ]
    },
    {
      "mode": "managed",
      "type": "kubernetes_ingress_v1",
      "name": "openwebui_ingress",
      "provider": "provider[\"registry.terraform.io/hashicorp/kubernetes\"]",
      "instances": [
        {
          "schema_version": 0,
          "attributes": {
            "id": "default/openwebui-ingress",
            "metadata": [
              {
                "annotations": {
                  "kubernetes.io/ingress.class": "traefik",
                  "traefik.ingress.kubernetes.io/router.middlewares": "kube-system-strip-ai@kubernetescrd"
                },
                "generate_name": "",
                "generation": 1,
                "labels": {},
                "name": "openwebui-ingress",
                "namespace": "default",
                "resource_version": "8733",
                "uid": "9eb5cc1f-ed4c-44fc-b978-bcdac0aea47e"
              }
            ],
            "spec": [
              {
                "default_backend": [],
                "ingress_class_name": "traefik",
                "rule": [
                  {
                    "host": "",
                    "http": [
                      {
                        "path": [
                          {
                            "backend": [
                              {
                                "resource": [],
                                "service": [
                                  {
                                    "name": "openwebui",
                                    "port": [
                                      {
                                        "name": "",
                                        "number": 3000
                                      }
                                    ]
                                  }
                                ]
                              }
                            ],
                            "path": "/ai",
                            "path_type": "Prefix"
                          }
                        ]
                      }
                    ]
                  }
                ],
                "tls": []
              }
            ],
            "status": [
              {
                "load_balancer": [
                  {
                    "ingress": [
                      {
                        "hostname": "",
                        "ip": "192.168.0.19"
                      },
                      {
                        "hostname": "",
                        "ip": "192.168.0.20"
                      },
                      {
                        "hostname": "",
                        "ip": "192.168.0.21"
                      },
                      {
                        "hostname": "",
                        "ip": "192.168.0.22"
                      },
                      {
                        "hostname": "",
                        "ip": "192.168.0.23"
                      }
                    ]
                  }
                ]
              }
            ],
            "timeouts": null,
            "wait_for_load_balancer": null
          },
          "sensitive_attributes": [],
          "private": "eyJlMmJmYjczMC1lY2FhLTExZTYtOGY4OC0zNDM2M2JjN2M0YzAiOnsiY3JlYXRlIjoxMjAwMDAwMDAwMDAwLCJkZWxldGUiOjEyMDAwMDAwMDAwMDB9fQ==",
          "dependencies": [
            "kubernetes_service.openwebui"
          ]
        }
      ]
    },
    {
      "mode": "managed",
      "type": "kubernetes_manifest",
      "name": "strip_ai_middleware",
      "provider": "provider[\"registry.terraform.io/hashicorp/kubernetes\"]",
      "instances": [
        {
          "schema_version": 1,
          "attributes": {
            "computed_fields": null,
            "field_manager": [],
            "manifest": {
              "value": {
                "apiVersion": "traefik.io/v1alpha1",
                "kind": "Middleware",
                "metadata": {
                  "name": "strip-ai",
                  "namespace": "kube-system"
                },
                "spec": {
                  "stripPrefix": {
                    "prefixes": [
                      "/ai"
                    ]
                  }
                }
              },
              "type": [
                "object",
                {
                  "apiVersion": "string",
                  "kind": "string",
                  "metadata": [
                    "object",
                    {
                      "name": "string",
                      "namespace": "string"
                    }
                  ],
                  "spec": [
                    "object",
                    {
                      "stripPrefix": [
                        "object",
                        {
                          "prefixes": [
                            "tuple",
                            [
                              "string"
                            ]
                          ]
                        }
                      ]
                    }
                  ]
                }
              ]
            },
            "object": {
              "value": {
                "apiVersion": "traefik.io/v1alpha1",
                "kind": "Middleware",
                "metadata": {
                  "annotations": null,
                  "creationTimestamp": null,
                  "deletionGracePeriodSeconds": null,
                  "deletionTimestamp": null,
                  "finalizers": null,
                  "generateName": null,
                  "generation": null,
                  "labels": null,
                  "managedFields": null,
                  "name": "strip-ai",
                  "namespace": "kube-system",
                  "ownerReferences": null,
                  "resourceVersion": null,
                  "selfLink": null,
                  "uid": null
                },
                "spec": {
                  "addPrefix": {
                    "prefix": null
                  },
                  "basicAuth": {
                    "headerField": null,
                    "realm": null,
                    "removeHeader": null,
                    "secret": null
                  },
                  "buffering": {
                    "maxRequestBodyBytes": null,
                    "maxResponseBodyBytes": null,
                    "memRequestBodyBytes": null,
                    "memResponseBodyBytes": null,
                    "retryExpression": null
                  },
                  "chain": {
                    "middlewares": null
                  },
                  "circuitBreaker": {
                    "checkPeriod": null,
                    "expression": null,
                    "fallbackDuration": null,
                    "recoveryDuration": null,
                    "responseCode": null
                  },
                  "compress": {
                    "defaultEncoding": null,
                    "encodings": null,
                    "excludedContentTypes": null,
                    "includedContentTypes": null,
                    "minResponseBodyBytes": null
                  },
                  "contentType": {
                    "autoDetect": null
                  },
                  "digestAuth": {
                    "headerField": null,
                    "realm": null,
                    "removeHeader": null,
                    "secret": null
                  },
                  "errors": {
                    "query": null,
                    "service": {
                      "healthCheck": {
                        "followRedirects": null,
                        "headers": null,
                        "hostname": null,
                        "interval": null,
                        "method": null,
                        "mode": null,
                        "path": null,
                        "port": null,
                        "scheme": null,
                        "status": null,
                        "timeout": null
                      },
                      "kind": null,
                      "name": null,
                      "namespace": null,
                      "nativeLB": null,
                      "nodePortLB": null,
                      "passHostHeader": null,
                      "port": null,
                      "responseForwarding": {
                        "flushInterval": null
                      },
                      "scheme": null,
                      "serversTransport": null,
                      "sticky": {
                        "cookie": {
                          "httpOnly": null,
                          "maxAge": null,
                          "name": null,
                          "path": null,
                          "sameSite": null,
                          "secure": null
                        }
                      },
                      "strategy": null,
                      "weight": null
                    },
                    "status": null
                  },
                  "forwardAuth": {
                    "addAuthCookiesToResponse": null,
                    "address": null,
                    "authRequestHeaders": null,
                    "authResponseHeaders": null,
                    "authResponseHeadersRegex": null,
                    "forwardBody": null,
                    "maxBodySize": null,
                    "preserveLocationHeader": null,
                    "tls": {
                      "caOptional": null,
                      "caSecret": null,
                      "certSecret": null,
                      "insecureSkipVerify": null
                    },
                    "trustForwardHeader": null
                  },
                  "grpcWeb": {
                    "allowOrigins": null
                  },
                  "headers": {
                    "accessControlAllowCredentials": null,
                    "accessControlAllowHeaders": null,
                    "accessControlAllowMethods": null,
                    "accessControlAllowOriginList": null,
                    "accessControlAllowOriginListRegex": null,
                    "accessControlExposeHeaders": null,
                    "accessControlMaxAge": null,
                    "addVaryHeader": null,
                    "allowedHosts": null,
                    "browserXssFilter": null,
                    "contentSecurityPolicy": null,
                    "contentSecurityPolicyReportOnly": null,
                    "contentTypeNosniff": null,
                    "customBrowserXSSValue": null,
                    "customFrameOptionsValue": null,
                    "customRequestHeaders": null,
                    "customResponseHeaders": null,
                    "featurePolicy": null,
                    "forceSTSHeader": null,
                    "frameDeny": null,
                    "hostsProxyHeaders": null,
                    "isDevelopment": null,
                    "permissionsPolicy": null,
                    "publicKey": null,
                    "referrerPolicy": null,
                    "sslForceHost": null,
                    "sslHost": null,
                    "sslProxyHeaders": null,
                    "sslRedirect": null,
                    "sslTemporaryRedirect": null,
                    "stsIncludeSubdomains": null,
                    "stsPreload": null,
                    "stsSeconds": null
                  },
                  "inFlightReq": {
                    "amount": null,
                    "sourceCriterion": {
                      "ipStrategy": {
                        "depth": null,
                        "excludedIPs": null,
                        "ipv6Subnet": null
                      },
                      "requestHeaderName": null,
                      "requestHost": null
                    }
                  },
                  "ipAllowList": {
                    "ipStrategy": {
                      "depth": null,
                      "excludedIPs": null,
                      "ipv6Subnet": null
                    },
                    "rejectStatusCode": null,
                    "sourceRange": null
                  },
                  "ipWhiteList": {
                    "ipStrategy": {
                      "depth": null,
                      "excludedIPs": null,
                      "ipv6Subnet": null
                    },
                    "sourceRange": null
                  },
                  "passTLSClientCert": {
                    "info": {
                      "issuer": {
                        "commonName": null,
                        "country": null,
                        "domainComponent": null,
                        "locality": null,
                        "organization": null,
                        "province": null,
                        "serialNumber": null
                      },
                      "notAfter": null,
                      "notBefore": null,
                      "sans": null,
                      "serialNumber": null,
                      "subject": {
                        "commonName": null,
                        "country": null,
                        "domainComponent": null,
                        "locality": null,
                        "organization": null,
                        "organizationalUnit": null,
                        "province": null,
                        "serialNumber": null
                      }
                    },
                    "pem": null
                  },
                  "plugin": null,
                  "rateLimit": {
                    "average": null,
                    "burst": null,
                    "period": null,
                    "sourceCriterion": {
                      "ipStrategy": {
                        "depth": null,
                        "excludedIPs": null,
                        "ipv6Subnet": null
                      },
                      "requestHeaderName": null,
                      "requestHost": null
                    }
                  },
                  "redirectRegex": {
                    "permanent": null,
                    "regex": null,
                    "replacement": null
                  },
                  "redirectScheme": {
                    "permanent": null,
                    "port": null,
                    "scheme": null
                  },
                  "replacePath": {
                    "path": null
                  },
                  "replacePathRegex": {
                    "regex": null,
                    "replacement": null
                  },
                  "retry": {
                    "attempts": null,
                    "initialInterval": null
                  },
                  "stripPrefix": {
                    "forceSlash": null,
                    "prefixes": [
                      "/ai"
                    ]
                  },
                  "stripPrefixRegex": {
                    "regex": null
                  }
                }
              },
              "type": [
                "object",
                {
                  "apiVersion": "string",
                  "kind": "string",
                  "metadata": [
                    "object",
                    {
                      "annotations": [
                        "map",
                        "string"
                      ],
                      "creationTimestamp": "string",
                      "deletionGracePeriodSeconds": "number",
                      "deletionTimestamp": "string",
                      "finalizers": [
                        "list",
                        "string"
                      ],
                      "generateName": "string",
                      "generation": "number",
                      "labels": [
                        "map",
                        "string"
                      ],
                      "managedFields": [
                        "tuple",
                        [
                          [
                            "object",
                            {
                              "apiVersion": "string",
                              "fieldsType": "string",
                              "fieldsV1": "dynamic",
                              "manager": "string",
                              "operation": "string",
                              "subresource": "string",
                              "time": "string"
                            }
                          ]
                        ]
                      ],
                      "name": "string",
                      "namespace": "string",
                      "ownerReferences": [
                        "list",
                        [
                          "object",
                          {
                            "apiVersion": "string",
                            "blockOwnerDeletion": "bool",
                            "controller": "bool",
                            "kind": "string",
                            "name": "string",
                            "uid": "string"
                          }
                        ]
                      ],
                      "resourceVersion": "string",
                      "selfLink": "string",
                      "uid": "string"
                    }
                  ],
                  "spec": [
                    "object",
                    {
                      "addPrefix": [
                        "object",
                        {
                          "prefix": "string"
                        }
                      ],
                      "basicAuth": [
                        "object",
                        {
                          "headerField": "string",
                          "realm": "string",
                          "removeHeader": "bool",
                          "secret": "string"
                        }
                      ],
                      "buffering": [
                        "object",
                        {
                          "maxRequestBodyBytes": "number",
                          "maxResponseBodyBytes": "number",
                          "memRequestBodyBytes": "number",
                          "memResponseBodyBytes": "number",
                          "retryExpression": "string"
                        }
                      ],
                      "chain": [
                        "object",
                        {
                          "middlewares": [
                            "list",
                            [
                              "object",
                              {
                                "name": "string",
                                "namespace": "string"
                              }
                            ]
                          ]
                        }
                      ],
                      "circuitBreaker": [
                        "object",
                        {
                          "checkPeriod": "string",
                          "expression": "string",
                          "fallbackDuration": "string",
                          "recoveryDuration": "string",
                          "responseCode": "number"
                        }
                      ],
                      "compress": [
                        "object",
                        {
                          "defaultEncoding": "string",
                          "encodings": [
                            "list",
                            "string"
                          ],
                          "excludedContentTypes": [
                            "list",
                            "string"
                          ],
                          "includedContentTypes": [
                            "list",
                            "string"
                          ],
                          "minResponseBodyBytes": "number"
                        }
                      ],
                      "contentType": [
                        "object",
                        {
                          "autoDetect": "bool"
                        }
                      ],
                      "digestAuth": [
                        "object",
                        {
                          "headerField": "string",
                          "realm": "string",
                          "removeHeader": "bool",
                          "secret": "string"
                        }
                      ],
                      "errors": [
                        "object",
                        {
                          "query": "string",
                          "service": [
                            "object",
                            {
                              "healthCheck": [
                                "object",
                                {
                                  "followRedirects": "bool",
                                  "headers": [
                                    "map",
                                    "string"
                                  ],
                                  "hostname": "string",
                                  "interval": "string",
                                  "method": "string",
                                  "mode": "string",
                                  "path": "string",
                                  "port": "number",
                                  "scheme": "string",
                                  "status": "number",
                                  "timeout": "string"
                                }
                              ],
                              "kind": "string",
                              "name": "string",
                              "namespace": "string",
                              "nativeLB": "bool",
                              "nodePortLB": "bool",
                              "passHostHeader": "bool",
                              "port": "string",
                              "responseForwarding": [
                                "object",
                                {
                                  "flushInterval": "string"
                                }
                              ],
                              "scheme": "string",
                              "serversTransport": "string",
                              "sticky": [
                                "object",
                                {
                                  "cookie": [
                                    "object",
                                    {
                                      "httpOnly": "bool",
                                      "maxAge": "number",
                                      "name": "string",
                                      "path": "string",
                                      "sameSite": "string",
                                      "secure": "bool"
                                    }
                                  ]
                                }
                              ],
                              "strategy": "string",
                              "weight": "number"
                            }
                          ],
                          "status": [
                            "list",
                            "string"
                          ]
                        }
                      ],
                      "forwardAuth": [
                        "object",
                        {
                          "addAuthCookiesToResponse": [
                            "list",
                            "string"
                          ],
                          "address": "string",
                          "authRequestHeaders": [
                            "list",
                            "string"
                          ],
                          "authResponseHeaders": [
                            "list",
                            "string"
                          ],
                          "authResponseHeadersRegex": "string",
                          "forwardBody": "bool",
                          "maxBodySize": "number",
                          "preserveLocationHeader": "bool",
                          "tls": [
                            "object",
                            {
                              "caOptional": "bool",
                              "caSecret": "string",
                              "certSecret": "string",
                              "insecureSkipVerify": "bool"
                            }
                          ],
                          "trustForwardHeader": "bool"
                        }
                      ],
                      "grpcWeb": [
                        "object",
                        {
                          "allowOrigins": [
                            "list",
                            "string"
                          ]
                        }
                      ],
                      "headers": [
                        "object",
                        {
                          "accessControlAllowCredentials": "bool",
                          "accessControlAllowHeaders": [
                            "list",
                            "string"
                          ],
                          "accessControlAllowMethods": [
                            "list",
                            "string"
                          ],
                          "accessControlAllowOriginList": [
                            "list",
                            "string"
                          ],
                          "accessControlAllowOriginListRegex": [
                            "list",
                            "string"
                          ],
                          "accessControlExposeHeaders": [
                            "list",
                            "string"
                          ],
                          "accessControlMaxAge": "number",
                          "addVaryHeader": "bool",
                          "allowedHosts": [
                            "list",
                            "string"
                          ],
                          "browserXssFilter": "bool",
                          "contentSecurityPolicy": "string",
                          "contentSecurityPolicyReportOnly": "string",
                          "contentTypeNosniff": "bool",
                          "customBrowserXSSValue": "string",
                          "customFrameOptionsValue": "string",
                          "customRequestHeaders": [
                            "map",
                            "string"
                          ],
                          "customResponseHeaders": [
                            "map",
                            "string"
                          ],
                          "featurePolicy": "string",
                          "forceSTSHeader": "bool",
                          "frameDeny": "bool",
                          "hostsProxyHeaders": [
                            "list",
                            "string"
                          ],
                          "isDevelopment": "bool",
                          "permissionsPolicy": "string",
                          "publicKey": "string",
                          "referrerPolicy": "string",
                          "sslForceHost": "bool",
                          "sslHost": "string",
                          "sslProxyHeaders": [
                            "map",
                            "string"
                          ],
                          "sslRedirect": "bool",
                          "sslTemporaryRedirect": "bool",
                          "stsIncludeSubdomains": "bool",
                          "stsPreload": "bool",
                          "stsSeconds": "number"
                        }
                      ],
                      "inFlightReq": [
                        "object",
                        {
                          "amount": "number",
                          "sourceCriterion": [
                            "object",
                            {
                              "ipStrategy": [
                                "object",
                                {
                                  "depth": "number",
                                  "excludedIPs": [
                                    "list",
                                    "string"
                                  ],
                                  "ipv6Subnet": "number"
                                }
                              ],
                              "requestHeaderName": "string",
                              "requestHost": "bool"
                            }
                          ]
                        }
                      ],
                      "ipAllowList": [
                        "object",
                        {
                          "ipStrategy": [
                            "object",
                            {
                              "depth": "number",
                              "excludedIPs": [
                                "list",
                                "string"
                              ],
                              "ipv6Subnet": "number"
                            }
                          ],
                          "rejectStatusCode": "number",
                          "sourceRange": [
                            "list",
                            "string"
                          ]
                        }
                      ],
                      "ipWhiteList": [
                        "object",
                        {
                          "ipStrategy": [
                            "object",
                            {
                              "depth": "number",
                              "excludedIPs": [
                                "list",
                                "string"
                              ],
                              "ipv6Subnet": "number"
                            }
                          ],
                          "sourceRange": [
                            "list",
                            "string"
                          ]
                        }
                      ],
                      "passTLSClientCert": [
                        "object",
                        {
                          "info": [
                            "object",
                            {
                              "issuer": [
                                "object",
                                {
                                  "commonName": "bool",
                                  "country": "bool",
                                  "domainComponent": "bool",
                                  "locality": "bool",
                                  "organization": "bool",
                                  "province": "bool",
                                  "serialNumber": "bool"
                                }
                              ],
                              "notAfter": "bool",
                              "notBefore": "bool",
                              "sans": "bool",
                              "serialNumber": "bool",
                              "subject": [
                                "object",
                                {
                                  "commonName": "bool",
                                  "country": "bool",
                                  "domainComponent": "bool",
                                  "locality": "bool",
                                  "organization": "bool",
                                  "organizationalUnit": "bool",
                                  "province": "bool",
                                  "serialNumber": "bool"
                                }
                              ]
                            }
                          ],
                          "pem": "bool"
                        }
                      ],
                      "plugin": [
                        "map",
                        "dynamic"
                      ],
                      "rateLimit": [
                        "object",
                        {
                          "average": "number",
                          "burst": "number",
                          "period": "string",
                          "sourceCriterion": [
                            "object",
                            {
                              "ipStrategy": [
                                "object",
                                {
                                  "depth": "number",
                                  "excludedIPs": [
                                    "list",
                                    "string"
                                  ],
                                  "ipv6Subnet": "number"
                                }
                              ],
                              "requestHeaderName": "string",
                              "requestHost": "bool"
                            }
                          ]
                        }
                      ],
                      "redirectRegex": [
                        "object",
                        {
                          "permanent": "bool",
                          "regex": "string",
                          "replacement": "string"
                        }
                      ],
                      "redirectScheme": [
                        "object",
                        {
                          "permanent": "bool",
                          "port": "string",
                          "scheme": "string"
                        }
                      ],
                      "replacePath": [
                        "object",
                        {
                          "path": "string"
                        }
                      ],
                      "replacePathRegex": [
                        "object",
                        {
                          "regex": "string",
                          "replacement": "string"
                        }
                      ],
                      "retry": [
                        "object",
                        {
                          "attempts": "number",
                          "initialInterval": "string"
                        }
                      ],
                      "stripPrefix": [
                        "object",
                        {
                          "forceSlash": "bool",
                          "prefixes": [
                            "list",
                            "string"
                          ]
                        }
                      ],
                      "stripPrefixRegex": [
                        "object",
                        {
                          "regex": [
                            "list",
                            "string"
                          ]
                        }
                      ]
                    }
                  ]
                }
              ]
            },
            "timeouts": [],
            "wait": [],
            "wait_for": null
          },
          "sensitive_attributes": []
        }
      ]
    },
    {
      "mode": "managed",
      "type": "kubernetes_persistent_volume_claim",
      "name": "ollama_pvc",
      "provider": "provider[\"registry.terraform.io/hashicorp/kubernetes\"]",
      "instances": [
        {
          "schema_version": 0,
          "attributes": {
            "id": "default/ollama-pvc",
            "metadata": [
              {
                "annotations": {},
                "generate_name": "",
                "generation": 0,
                "labels": {},
                "name": "ollama-pvc",
                "namespace": "default",
                "resource_version": "7008",
                "uid": "7b804319-0f24-4b3b-b652-79d7daa51394"
              }
            ],
            "spec": [
              {
                "access_modes": [
                  "ReadWriteOnce"
                ],
                "resources": [
                  {
                    "limits": {},
                    "requests": {
                      "storage": "1Gi"
                    }
                  }
                ],
                "selector": [],
                "storage_class_name": "local-path",
                "volume_mode": "Filesystem",
                "volume_name": "pvc-7b804319-0f24-4b3b-b652-79d7daa51394"
              }
            ],
            "timeouts": null,
            "wait_until_bound": false
          },
          "sensitive_attributes": [],
          "private": "eyJlMmJmYjczMC1lY2FhLTExZTYtOGY4OC0zNDM2M2JjN2M0YzAiOnsiY3JlYXRlIjozMDAwMDAwMDAwMDB9fQ=="
        }
      ]
    },
    {
      "mode": "managed",
      "type": "kubernetes_persistent_volume_claim",
      "name": "webui_pvc",
      "provider": "provider[\"registry.terraform.io/hashicorp/kubernetes\"]",
      "instances": [
        {
          "schema_version": 0,
          "attributes": {
            "id": "default/webui-pvc",
            "metadata": [
              {
                "annotations": {},
                "generate_name": "",
                "generation": 0,
                "labels": {},
                "name": "webui-pvc",
                "namespace": "default",
                "resource_version": "7005",
                "uid": "bf7a647f-2382-41a7-9e3f-7603abcf848a"
              }
            ],
            "spec": [
              {
                "access_modes": [
                  "ReadWriteOnce"
                ],
                "resources": [
                  {
                    "limits": {},
                    "requests": {
                      "storage": "1Gi"
                    }
                  }
                ],
                "selector": [],
                "storage_class_name": "local-path",
                "volume_mode": "Filesystem",
                "volume_name": "pvc-bf7a647f-2382-41a7-9e3f-7603abcf848a"
              }
            ],
            "timeouts": null,
            "wait_until_bound": false
          },
          "sensitive_attributes": [],
          "private": "eyJlMmJmYjczMC1lY2FhLTExZTYtOGY4OC0zNDM2M2JjN2M0YzAiOnsiY3JlYXRlIjozMDAwMDAwMDAwMDB9fQ=="
        }
      ]
    },
    {
      "mode": "managed",
      "type": "kubernetes_service",
      "name": "ollama",
      "provider": "provider[\"registry.terraform.io/hashicorp/kubernetes\"]",
      "instances": [
        {
          "schema_version": 1,
          "attributes": {
            "id": "default/ollama",
            "metadata": [
              {
                "annotations": {},
                "generate_name": "",
                "generation": 0,
                "labels": {},
                "name": "ollama",
                "namespace": "default",
                "resource_version": "6934",
                "uid": "c907b436-3298-4c3c-835b-084d47bb4963"
              }
            ],
            "spec": [
              {
                "allocate_load_balancer_node_ports": true,
                "cluster_ip": "10.43.167.57",
                "cluster_ips": [
                  "10.43.167.57"
                ],
                "external_ips": [],
                "external_name": "",
                "external_traffic_policy": "",
                "health_check_node_port": 0,
                "internal_traffic_policy": "Cluster",
                "ip_families": [
                  "IPv4"
                ],
                "ip_family_policy": "SingleStack",
                "load_balancer_class": "",
                "load_balancer_ip": "",
                "load_balancer_source_ranges": [],
                "port": [
                  {
                    "app_protocol": "",
                    "name": "",
                    "node_port": 0,
                    "port": 11434,
                    "protocol": "TCP",
                    "target_port": "11434"
                  }
                ],
                "publish_not_ready_addresses": false,
                "selector": {
                  "app": "ollama"
                },
                "session_affinity": "None",
                "session_affinity_config": [],
                "type": "ClusterIP"
              }
            ],
            "status": [
              {
                "load_balancer": [
                  {
                    "ingress": []
                  }
                ]
              }
            ],
            "timeouts": null,
            "wait_for_load_balancer": true
          },
          "sensitive_attributes": [],
          "private": "eyJlMmJmYjczMC1lY2FhLTExZTYtOGY4OC0zNDM2M2JjN2M0YzAiOnsiY3JlYXRlIjo2MDAwMDAwMDAwMDB9LCJzY2hlbWFfdmVyc2lvbiI6IjEifQ=="
        }
      ]
    },
    {
      "mode": "managed",
      "type": "kubernetes_service",
      "name": "openwebui",
      "provider": "provider[\"registry.terraform.io/hashicorp/kubernetes\"]",
      "instances": [
        {
          "schema_version": 1,
          "attributes": {
            "id": "default/openwebui",
            "metadata": [
              {
                "annotations": {},
                "generate_name": "",
                "generation": 0,
                "labels": {},
                "name": "openwebui",
                "namespace": "default",
                "resource_version": "6937",
                "uid": "487bfbcf-1119-4329-af43-7d4461486cb0"
              }
            ],
            "spec": [
              {
                "allocate_load_balancer_node_ports": true,
                "cluster_ip": "10.43.37.96",
                "cluster_ips": [
                  "10.43.37.96"
                ],
                "external_ips": [],
                "external_name": "",
                "external_traffic_policy": "",
                "health_check_node_port": 0,
                "internal_traffic_policy": "Cluster",
                "ip_families": [
                  "IPv4"
                ],
                "ip_family_policy": "SingleStack",
                "load_balancer_class": "",
                "load_balancer_ip": "",
                "load_balancer_source_ranges": [],
                "port": [
                  {
                    "app_protocol": "",
                    "name": "",
                    "node_port": 0,
                    "port": 3000,
                    "protocol": "TCP",
                    "target_port": "8080"
                  }
                ],
                "publish_not_ready_addresses": false,
                "selector": {
                  "app": "openwebui"
                },
                "session_affinity": "None",
                "session_affinity_config": [],
                "type": "ClusterIP"
              }
            ],
            "status": [
              {
                "load_balancer": [
                  {
                    "ingress": []
                  }
                ]
              }
            ],
            "timeouts": null,
            "wait_for_load_balancer": true
          },
          "sensitive_attributes": [],
          "private": "eyJlMmJmYjczMC1lY2FhLTExZTYtOGY4OC0zNDM2M2JjN2M0YzAiOnsiY3JlYXRlIjo2MDAwMDAwMDAwMDB9LCJzY2hlbWFfdmVyc2lvbiI6IjEifQ=="
        }
      ]
    }
  ],
  "check_results": null
}
